
Microsoft Visual Studio Solution File, Format Version 12.00
# Visual Studio 14
VisualStudioVersion = 14.0.25420.1
MinimumVisualStudioVersion = 10.0.40219.1
Project("{FAE04EC0-301F-11D3-BF4B-00C04F79EFBC}") = "Person", "Person\Person.csproj", "{AE4BF7C4-6806-4CB3-BDB4-F2434C194D58}"
EndProject
Project("{FAE04EC0-301F-11D3-BF4B-00C04F79EFBC}") = "ElevatorApplication", "ElevatorApplication\ElevatorApplication.csproj", "{32E0AEA9-CC86-489D-9D84-4F3936CFCF9E}"
EndProject
Project("{FAE04EC0-301F-11D3-BF4B-00C04F79EFBC}") = "AmpApplication", "AmpApplication\AmpApplication.csproj", "{3674E40F-B7F2-482F-9817-5CF61CA6AC77}"
EndProject
Project("{FAE04EC0-301F-11D3-BF4B-00C04F79EFBC}") = "PersonT3", "PersonT3\PersonT3.csproj", "{8A1961BA-CEF1-48E4-91A3-5729EA8FF2DD}"
EndProject
Project("{FAE04EC0-301F-11D3-BF4B-00C04F79EFBC}") = "VesselApplication", "VesselApplication\VesselApplication.csproj", "{1DC2CBCD-4ABF-4F33-822E-D1DE44562D26}"
EndProject
Project("{FAE04EC0-301F-11D3-BF4B-00C04F79EFBC}") = "RadioApplication", "RadioApplication\RadioApplication.csproj", "{094D7EA0-C49B-4207-BD01-561C8EAD3560}"
EndProject
Project("{FAE04EC0-301F-11D3-BF4B-00C04F79EFBC}") = "AlcoholApplication", "AlcoholApplication\AlcoholApplication.csproj", "{9F089AC2-ED20-4151-8E07-D1E99384706E}"
EndProject
Global
	GlobalSection(SolutionConfigurationPlatforms) = preSolution
		Debug|Any CPU = Debug|Any CPU
		Release|Any CPU = Release|Any CPU
	EndGlobalSection
	GlobalSection(ProjectConfigurationPlatforms) = postSolution
		{AE4BF7C4-6806-4CB3-BDB4-F2434C194D58}.Debug|Any CPU.ActiveCfg = Debug|Any CPU
		{AE4BF7C4-6806-4CB3-BDB4-F2434C194D58}.Debug|Any CPU.Build.0 = Debug|Any CPU
		{AE4BF7C4-6806-4CB3-BDB4-F2434C194D58}.Release|Any CPU.ActiveCfg = Release|Any CPU
		{AE4BF7C4-6806-4CB3-BDB4-F2434C194D58}.Release|Any CPU.Build.0 = Release|Any CPU
		{32E0AEA9-CC86-489D-9D84-4F3936CFCF9E}.Debug|Any CPU.ActiveCfg = Debug|Any CPU
		{32E0AEA9-CC86-489D-9D84-4F3936CFCF9E}.Debug|Any CPU.Build.0 = Debug|Any CPU
		{32E0AEA9-CC86-489D-9D84-4F3936CFCF9E}.Release|Any CPU.ActiveCfg = Release|Any CPU
		{32E0AEA9-CC86-489D-9D84-4F3936CFCF9E}.Release|Any CPU.Build.0 = Release|Any CPU
		{3674E40F-B7F2-482F-9817-5CF61CA6AC77}.Debug|Any CPU.ActiveCfg = Debug|Any CPU
		{3674E40F-B7F2-482F-9817-5CF61CA6AC77}.Debug|Any CPU.Build.0 = Debug|Any CPU
		{3674E40F-B7F2-482F-9817-5CF61CA6AC77}.Release|Any CPU.ActiveCfg = Release|Any CPU
		{3674E40F-B7F2-482F-9817-5CF61CA6AC77}.Release|Any CPU.Build.0 = Release|Any CPU
		{8A1961BA-CEF1-48E4-91A3-5729EA8FF2DD}.Debug|Any CPU.ActiveCfg = Debug|Any CPU
		{8A1961BA-CEF1-48E4-91A3-5729EA8FF2DD}.Debug|Any CPU.Build.0 = Debug|Any CPU
		{8A1961BA-CEF1-48E4-91A3-5729EA8FF2DD}.Release|Any CPU.ActiveCfg = Release|Any CPU
		{8A1961BA-CEF1-48E4-91A3-5729EA8FF2DD}.Release|Any CPU.Build.0 = Release|Any CPU
		{1DC2CBCD-4ABF-4F33-822E-D1DE44562D26}.Debug|Any CPU.ActiveCfg = Debug|Any CPU
		{1DC2CBCD-4ABF-4F33-822E-D1DE44562D26}.Debug|Any CPU.Build.0 = Debug|Any CPU
		{1DC2CBCD-4ABF-4F33-822E-D1DE44562D26}.Release|Any CPU.ActiveCfg = Release|Any CPU
		{1DC2CBCD-4ABF-4F33-822E-D1DE44562D26}.Release|Any CPU.Build.0 = Release|Any CPU
		{094D7EA0-C49B-4207-BD01-561C8EAD3560}.Debug|Any CPU.ActiveCfg = Debug|Any CPU
		{094D7EA0-C49B-4207-BD01-561C8EAD3560}.Debug|Any CPU.Build.0 = Debug|Any CPU
		{094D7EA0-C49B-4207-BD01-561C8EAD3560}.Release|Any CPU.ActiveCfg = Release|Any CPU
		{094D7EA0-C49B-4207-BD01-561C8EAD3560}.Release|Any CPU.Build.0 = Release|Any CPU
		{9F089AC2-ED20-4151-8E07-D1E99384706E}.Debug|Any CPU.ActiveCfg = Debug|Any CPU
		{9F089AC2-ED20-4151-8E07-D1E99384706E}.Debug|Any CPU.Build.0 = Debug|Any CPU
		{9F089AC2-ED20-4151-8E07-D1E99384706E}.Release|Any CPU.ActiveCfg = Release|Any CPU
		{9F089AC2-ED20-4151-8E07-D1E99384706E}.Release|Any CPU.Build.0 = Release|Any CPU
	EndGlobalSection
	GlobalSection(SolutionProperties) = preSolution
		HideSolutionNode = FALSE
	EndGlobalSection
EndGlobal
